
Microsoft Visual Studio Solution File, Format Version 12.00
# Visual Studio Version 16
VisualStudioVersion = 16.0.31112.23
MinimumVisualStudioVersion = 10.0.40219.1
Project("{FAE04EC0-301F-11D3-BF4B-00C04F79EFBC}") = "TrackerLibrary", "TrackerLibrary\TrackerLibrary.csproj", "{E781FBE1-F416-4D2C-9A58-D9514E3F2F9B}"
EndProject
Project("{FAE04EC0-301F-11D3-BF4B-00C04F79EFBC}") = "TrackerUI", "TrackerUI\TrackerUI.csproj", "{F395A3F3-2B14-476B-92FA-99ED2E4E51F0}"
EndProject
Global
	GlobalSection(SolutionConfigurationPlatforms) = preSolution
		Debug|Any CPU = Debug|Any CPU
		Release|Any CPU = Release|Any CPU
	EndGlobalSection
	GlobalSection(ProjectConfigurationPlatforms) = postSolution
		{E781FBE1-F416-4D2C-9A58-D9514E3F2F9B}.Debug|Any CPU.ActiveCfg = Debug|Any CPU
		{E781FBE1-F416-4D2C-9A58-D9514E3F2F9B}.Debug|Any CPU.Build.0 = Debug|Any CPU
		{E781FBE1-F416-4D2C-9A58-D9514E3F2F9B}.Release|Any CPU.ActiveCfg = Release|Any CPU
		{E781FBE1-F416-4D2C-9A58-D9514E3F2F9B}.Release|Any CPU.Build.0 = Release|Any CPU
		{F395A3F3-2B14-476B-92FA-99ED2E4E51F0}.Debug|Any CPU.ActiveCfg = Debug|Any CPU
		{F395A3F3-2B14-476B-92FA-99ED2E4E51F0}.Debug|Any CPU.Build.0 = Debug|Any CPU
		{F395A3F3-2B14-476B-92FA-99ED2E4E51F0}.Release|Any CPU.ActiveCfg = Release|Any CPU
		{F395A3F3-2B14-476B-92FA-99ED2E4E51F0}.Release|Any CPU.Build.0 = Release|Any CPU
	EndGlobalSection
	GlobalSection(SolutionProperties) = preSolution
		HideSolutionNode = FALSE
	EndGlobalSection
	GlobalSection(ExtensibilityGlobals) = postSolution
		SolutionGuid = {DCC8F811-8B27-4ED9-BC9A-9FBE28731A20}
	EndGlobalSection
EndGlobal
